
Microsoft Visual Studio Solution File, Format Version 12.00
# Visual Studio Version 16
VisualStudioVersion = 16.0.32413.511
MinimumVisualStudioVersion = 10.0.40219.1
Project("{FAE04EC0-301F-11D3-BF4B-00C04F79EFBC}") = "UserLoginApp", "UserLoginApp\UserLoginApp.csproj", "{777EAF01-EBF1-452D-AEDF-A512328BE08E}"
EndProject
Global
	GlobalSection(SolutionConfigurationPlatforms) = preSolution
		Debug|Any CPU = Debug|Any CPU
		Release|Any CPU = Release|Any CPU
	EndGlobalSection
	GlobalSection(ProjectConfigurationPlatforms) = postSolution
		{777EAF01-EBF1-452D-AEDF-A512328BE08E}.Debug|Any CPU.ActiveCfg = Debug|Any CPU
		{777EAF01-EBF1-452D-AEDF-A512328BE08E}.Debug|Any CPU.Build.0 = Debug|Any CPU
		{777EAF01-EBF1-452D-AEDF-A512328BE08E}.Release|Any CPU.ActiveCfg = Release|Any CPU
		{777EAF01-EBF1-452D-AEDF-A512328BE08E}.Release|Any CPU.Build.0 = Release|Any CPU
	EndGlobalSection
	GlobalSection(SolutionProperties) = preSolution
		HideSolutionNode = FALSE
	EndGlobalSection
	GlobalSection(ExtensibilityGlobals) = postSolution
		SolutionGuid = {EBD49354-A923-47B7-ACF6-1D63908158FC}
	EndGlobalSection
EndGlobal
